
Microsoft Visual Studio Solution File, Format Version 12.00
# Visual Studio Version 17
VisualStudioVersion = 17.13.35825.156 d17.13
MinimumVisualStudioVersion = 10.0.40219.1
Project("{E24C65DC-7377-472B-9ABA-BC803B73C61A}") = "Test2", ".", "{881E0080-FE89-40DC-967F-CE74D7E2D16A}"
	ProjectSection(WebsiteProperties) = preProject
		TargetFrameworkMoniker = ".NETFramework,Version%3Dv4.7.2"
		Debug.AspNetCompiler.VirtualPath = "/localhost_60511"
		Debug.AspNetCompiler.PhysicalPath = "..\Test2\"
		Debug.AspNetCompiler.TargetPath = "PrecompiledWeb\localhost_60511\"
		Debug.AspNetCompiler.Updateable = "true"
		Debug.AspNetCompiler.ForceOverwrite = "true"
		Debug.AspNetCompiler.FixedNames = "false"
		Debug.AspNetCompiler.Debug = "True"
		Release.AspNetCompiler.VirtualPath = "/localhost_60511"
		Release.AspNetCompiler.PhysicalPath = "..\Test2\"
		Release.AspNetCompiler.TargetPath = "PrecompiledWeb\localhost_60511\"
		Release.AspNetCompiler.Updateable = "true"
		Release.AspNetCompiler.ForceOverwrite = "true"
		Release.AspNetCompiler.FixedNames = "false"
		Release.AspNetCompiler.Debug = "False"
		VWDPort = "60511"
		SlnRelativePath = "..\Test2\"
		DefaultWebSiteLanguage = "Visual C#"
	EndProjectSection
EndProject
Global
	GlobalSection(SolutionConfigurationPlatforms) = preSolution
		Debug|Any CPU = Debug|Any CPU
	EndGlobalSection
	GlobalSection(ProjectConfigurationPlatforms) = postSolution
		{881E0080-FE89-40DC-967F-CE74D7E2D16A}.Debug|Any CPU.ActiveCfg = Debug|Any CPU
		{881E0080-FE89-40DC-967F-CE74D7E2D16A}.Debug|Any CPU.Build.0 = Debug|Any CPU
	EndGlobalSection
	GlobalSection(SolutionProperties) = preSolution
		HideSolutionNode = FALSE
	EndGlobalSection
	GlobalSection(ExtensibilityGlobals) = postSolution
		SolutionGuid = {E0ACE96F-3D9B-407F-AC34-A321940E4833}
	EndGlobalSection
EndGlobal
